
Microsoft Visual Studio Solution File, Format Version 12.00
# Visual Studio 15
VisualStudioVersion = 15.0.27703.2042
MinimumVisualStudioVersion = 10.0.40219.1
Project("{FAE04EC0-301F-11D3-BF4B-00C04F79EFBC}") = "Task1", "Les4\Task1.csproj", "{9EA8A540-E7F6-41C6-9ADE-573CD9A80E3D}"
EndProject
Project("{FAE04EC0-301F-11D3-BF4B-00C04F79EFBC}") = "Task2", "Task2\Task2.csproj", "{4D0E85B8-A734-43F0-9D4D-FCBB9DFE57C5}"
EndProject
Global
	GlobalSection(SolutionConfigurationPlatforms) = preSolution
		Debug|Any CPU = Debug|Any CPU
		Release|Any CPU = Release|Any CPU
	EndGlobalSection
	GlobalSection(ProjectConfigurationPlatforms) = postSolution
		{9EA8A540-E7F6-41C6-9ADE-573CD9A80E3D}.Debug|Any CPU.ActiveCfg = Debug|Any CPU
		{9EA8A540-E7F6-41C6-9ADE-573CD9A80E3D}.Debug|Any CPU.Build.0 = Debug|Any CPU
		{9EA8A540-E7F6-41C6-9ADE-573CD9A80E3D}.Release|Any CPU.ActiveCfg = Release|Any CPU
		{9EA8A540-E7F6-41C6-9ADE-573CD9A80E3D}.Release|Any CPU.Build.0 = Release|Any CPU
		{4D0E85B8-A734-43F0-9D4D-FCBB9DFE57C5}.Debug|Any CPU.ActiveCfg = Debug|Any CPU
		{4D0E85B8-A734-43F0-9D4D-FCBB9DFE57C5}.Debug|Any CPU.Build.0 = Debug|Any CPU
		{4D0E85B8-A734-43F0-9D4D-FCBB9DFE57C5}.Release|Any CPU.ActiveCfg = Release|Any CPU
		{4D0E85B8-A734-43F0-9D4D-FCBB9DFE57C5}.Release|Any CPU.Build.0 = Release|Any CPU
	EndGlobalSection
	GlobalSection(SolutionProperties) = preSolution
		HideSolutionNode = FALSE
	EndGlobalSection
	GlobalSection(ExtensibilityGlobals) = postSolution
		SolutionGuid = {3884447D-A24C-4979-A94E-0B2BD2CD469F}
	EndGlobalSection
EndGlobal
