
Microsoft Visual Studio Solution File, Format Version 12.00
# Visual Studio 15
VisualStudioVersion = 15.0.27703.2042
MinimumVisualStudioVersion = 10.0.40219.1
Project("{FAE04EC0-301F-11D3-BF4B-00C04F79EFBC}") = "Task1", "Les2\Task1.csproj", "{2550C5AB-5DF9-4148-8B45-4878A7577185}"
EndProject
Project("{FAE04EC0-301F-11D3-BF4B-00C04F79EFBC}") = "Task2", "Task2\Task2.csproj", "{AE7FDBDB-2042-43AE-AA77-F02FB547C1A8}"
EndProject
Project("{FAE04EC0-301F-11D3-BF4B-00C04F79EFBC}") = "Task3", "Task3\Task3.csproj", "{7EAAFF1E-F90A-4F10-BDD4-362480E94165}"
EndProject
Global
	GlobalSection(SolutionConfigurationPlatforms) = preSolution
		Debug|Any CPU = Debug|Any CPU
		Release|Any CPU = Release|Any CPU
	EndGlobalSection
	GlobalSection(ProjectConfigurationPlatforms) = postSolution
		{2550C5AB-5DF9-4148-8B45-4878A7577185}.Debug|Any CPU.ActiveCfg = Debug|Any CPU
		{2550C5AB-5DF9-4148-8B45-4878A7577185}.Debug|Any CPU.Build.0 = Debug|Any CPU
		{2550C5AB-5DF9-4148-8B45-4878A7577185}.Release|Any CPU.ActiveCfg = Release|Any CPU
		{2550C5AB-5DF9-4148-8B45-4878A7577185}.Release|Any CPU.Build.0 = Release|Any CPU
		{AE7FDBDB-2042-43AE-AA77-F02FB547C1A8}.Debug|Any CPU.ActiveCfg = Debug|Any CPU
		{AE7FDBDB-2042-43AE-AA77-F02FB547C1A8}.Debug|Any CPU.Build.0 = Debug|Any CPU
		{AE7FDBDB-2042-43AE-AA77-F02FB547C1A8}.Release|Any CPU.ActiveCfg = Release|Any CPU
		{AE7FDBDB-2042-43AE-AA77-F02FB547C1A8}.Release|Any CPU.Build.0 = Release|Any CPU
		{7EAAFF1E-F90A-4F10-BDD4-362480E94165}.Debug|Any CPU.ActiveCfg = Debug|Any CPU
		{7EAAFF1E-F90A-4F10-BDD4-362480E94165}.Debug|Any CPU.Build.0 = Debug|Any CPU
		{7EAAFF1E-F90A-4F10-BDD4-362480E94165}.Release|Any CPU.ActiveCfg = Release|Any CPU
		{7EAAFF1E-F90A-4F10-BDD4-362480E94165}.Release|Any CPU.Build.0 = Release|Any CPU
	EndGlobalSection
	GlobalSection(SolutionProperties) = preSolution
		HideSolutionNode = FALSE
	EndGlobalSection
	GlobalSection(ExtensibilityGlobals) = postSolution
		SolutionGuid = {4598F3FB-6B1A-46E7-95F2-7B5A3B983E53}
	EndGlobalSection
EndGlobal
