
Microsoft Visual Studio Solution File, Format Version 12.00
# Visual Studio 15
VisualStudioVersion = 15.0.27703.2042
MinimumVisualStudioVersion = 10.0.40219.1
Project("{FAE04EC0-301F-11D3-BF4B-00C04F79EFBC}") = "les6", "les6\les6.csproj", "{C4904016-C69F-45BD-9C11-D85E4393101B}"
EndProject
Global
	GlobalSection(SolutionConfigurationPlatforms) = preSolution
		Debug|Any CPU = Debug|Any CPU
		Release|Any CPU = Release|Any CPU
	EndGlobalSection
	GlobalSection(ProjectConfigurationPlatforms) = postSolution
		{C4904016-C69F-45BD-9C11-D85E4393101B}.Debug|Any CPU.ActiveCfg = Debug|Any CPU
		{C4904016-C69F-45BD-9C11-D85E4393101B}.Debug|Any CPU.Build.0 = Debug|Any CPU
		{C4904016-C69F-45BD-9C11-D85E4393101B}.Release|Any CPU.ActiveCfg = Release|Any CPU
		{C4904016-C69F-45BD-9C11-D85E4393101B}.Release|Any CPU.Build.0 = Release|Any CPU
	EndGlobalSection
	GlobalSection(SolutionProperties) = preSolution
		HideSolutionNode = FALSE
	EndGlobalSection
	GlobalSection(ExtensibilityGlobals) = postSolution
		SolutionGuid = {BFC68EB8-D85F-47A4-9F14-16DF7CB7C3F9}
	EndGlobalSection
EndGlobal
